
Microsoft Visual Studio Solution File, Format Version 12.00
# Visual Studio Version 16
VisualStudioVersion = 16.0.29306.81
MinimumVisualStudioVersion = 10.0.40219.1
Project("{8BC9CEB8-8B4A-11D0-8D11-00A0C91BC942}") = "mtfind", "mtfind\mtfind.vcxproj", "{FD035BBB-CAD1-467A-A4CE-5D10902F494F}"
EndProject
Global
	GlobalSection(SolutionConfigurationPlatforms) = preSolution
		Debug|x64 = Debug|x64
		Debug|x86 = Debug|x86
		Release|x64 = Release|x64
		Release|x86 = Release|x86
	EndGlobalSection
	GlobalSection(ProjectConfigurationPlatforms) = postSolution
		{FD035BBB-CAD1-467A-A4CE-5D10902F494F}.Debug|x64.ActiveCfg = Debug|x64
		{FD035BBB-CAD1-467A-A4CE-5D10902F494F}.Debug|x64.Build.0 = Debug|x64
		{FD035BBB-CAD1-467A-A4CE-5D10902F494F}.Debug|x86.ActiveCfg = Debug|Win32
		{FD035BBB-CAD1-467A-A4CE-5D10902F494F}.Debug|x86.Build.0 = Debug|Win32
		{FD035BBB-CAD1-467A-A4CE-5D10902F494F}.Release|x64.ActiveCfg = Release|x64
		{FD035BBB-CAD1-467A-A4CE-5D10902F494F}.Release|x64.Build.0 = Release|x64
		{FD035BBB-CAD1-467A-A4CE-5D10902F494F}.Release|x86.ActiveCfg = Release|Win32
		{FD035BBB-CAD1-467A-A4CE-5D10902F494F}.Release|x86.Build.0 = Release|Win32
	EndGlobalSection
	GlobalSection(SolutionProperties) = preSolution
		HideSolutionNode = FALSE
	EndGlobalSection
	GlobalSection(ExtensibilityGlobals) = postSolution
		SolutionGuid = {6D55CF0D-167B-489A-A137-9C34D4F743EA}
	EndGlobalSection
EndGlobal
